// !$*UTF8*$!
{
	archiveVersion = 1;
	classes = {
	};
	objectVersion = 46;
	objects = {

/* Begin PBXBuildFile section */
		111948B31DF9940D00D5D186 /* main.swift in Sources */ = {isa = PBXBuildFile; fileRef = 111948B21DF9940D00D5D186 /* main.swift */; };
		8ED199A9D85AD22B69A7F767 /* Pods_DiamondKataTest.framework in Frameworks */ = {isa = PBXBuildFile; fileRef = 0E4D3B7D2518C21D5935585B /* Pods_DiamondKataTest.framework */; };
		BB7055954EB9711ECF1320F0 /* Pods_DiamondKata.framework in Frameworks */ = {isa = PBXBuildFile; fileRef = 714DE83D6CB85D1EE3DE2C6D /* Pods_DiamondKata.framework */; };
/* End PBXBuildFile section */

/* Begin PBXCopyFilesBuildPhase section */
		111948AD1DF9940D00D5D186 /* CopyFiles */ = {
			isa = PBXCopyFilesBuildPhase;
			buildActionMask = 2147483647;
			dstPath = /usr/share/man/man1/;
			dstSubfolderSpec = 0;
			files = (
			);
			runOnlyForDeploymentPostprocessing = 1;
		};
/* End PBXCopyFilesBuildPhase section */

/* Begin PBXFileReference section */
		0E4D3B7D2518C21D5935585B /* Pods_DiamondKataTest.framework */ = {isa = PBXFileReference; explicitFileType = wrapper.framework; includeInIndex = 0; path = Pods_DiamondKataTest.framework; sourceTree = BUILT_PRODUCTS_DIR; };
		111948AF1DF9940D00D5D186 /* DiamondKata */ = {isa = PBXFileReference; explicitFileType = "compiled.mach-o.executable"; includeInIndex = 0; path = DiamondKata; sourceTree = BUILT_PRODUCTS_DIR; };
		111948B21DF9940D00D5D186 /* main.swift */ = {isa = PBXFileReference; lastKnownFileType = sourcecode.swift; path = main.swift; sourceTree = "<group>"; };
		111948BD1DF9942700D5D186 /* DiamondKataTest.xctest */ = {isa = PBXFileReference; explicitFileType = wrapper.cfbundle; includeInIndex = 0; path = DiamondKataTest.xctest; sourceTree = BUILT_PRODUCTS_DIR; };
		111948C11DF9942700D5D186 /* Info.plist */ = {isa = PBXFileReference; lastKnownFileType = text.plist.xml; path = Info.plist; sourceTree = "<group>"; };
		27BD27A301E7AE50D2075168 /* Pods-DiamondKataTest.debug.xcconfig */ = {isa = PBXFileReference; includeInIndex = 1; lastKnownFileType = text.xcconfig; name = "Pods-DiamondKataTest.debug.xcconfig"; path = "Pods/Target Support Files/Pods-DiamondKataTest/Pods-DiamondKataTest.debug.xcconfig"; sourceTree = "<group>"; };
		2CD9213E29F09BCF5C1C16DF /* Pods-DiamondKataTest.release.xcconfig */ = {isa = PBXFileReference; includeInIndex = 1; lastKnownFileType = text.xcconfig; name = "Pods-DiamondKataTest.release.xcconfig"; path = "Pods/Target Support Files/Pods-DiamondKataTest/Pods-DiamondKataTest.release.xcconfig"; sourceTree = "<group>"; };
		714DE83D6CB85D1EE3DE2C6D /* Pods_DiamondKata.framework */ = {isa = PBXFileReference; explicitFileType = wrapper.framework; includeInIndex = 0; path = Pods_DiamondKata.framework; sourceTree = BUILT_PRODUCTS_DIR; };
		E067842DB214B5822E6F1D41 /* Pods-DiamondKata.release.xcconfig */ = {isa = PBXFileReference; includeInIndex = 1; lastKnownFileType = text.xcconfig; name = "Pods-DiamondKata.release.xcconfig"; path = "Pods/Target Support Files/Pods-DiamondKata/Pods-DiamondKata.release.xcconfig"; sourceTree = "<group>"; };
		F6E03E625FDA6C2155CDC605 /* Pods-DiamondKata.debug.xcconfig */ = {isa = PBXFileReference; includeInIndex = 1; lastKnownFileType = text.xcconfig; name = "Pods-DiamondKata.debug.xcconfig"; path = "Pods/Target Support Files/Pods-DiamondKata/Pods-DiamondKata.debug.xcconfig"; sourceTree = "<group>"; };
/* End PBXFileReference section */

/* Begin PBXFrameworksBuildPhase section */
		111948AC1DF9940D00D5D186 /* Frameworks */ = {
			isa = PBXFrameworksBuildPhase;
			buildActionMask = 2147483647;
			files = (
				BB7055954EB9711ECF1320F0 /* Pods_DiamondKata.framework in Frameworks */,
			);
			runOnlyForDeploymentPostprocessing = 0;
		};
		111948BA1DF9942700D5D186 /* Frameworks */ = {
			isa = PBXFrameworksBuildPhase;
			buildActionMask = 2147483647;
			files = (
				8ED199A9D85AD22B69A7F767 /* Pods_DiamondKataTest.framework in Frameworks */,
			);
			runOnlyForDeploymentPostprocessing = 0;
		};
/* End PBXFrameworksBuildPhase section */

/* Begin PBXGroup section */
		111948A61DF9940D00D5D186 = {
			isa = PBXGroup;
			children = (
				111948B11DF9940D00D5D186 /* DiamondKata */,
				111948BE1DF9942700D5D186 /* DiamondKataTest */,
				111948B01DF9940D00D5D186 /* Products */,
				64829C4FD9FF94D67EAAEC45 /* Pods */,
				D4E2A98166ADA091A4FF564C /* Frameworks */,
			);
			sourceTree = "<group>";
		};
		111948B01DF9940D00D5D186 /* Products */ = {
			isa = PBXGroup;
			children = (
				111948AF1DF9940D00D5D186 /* DiamondKata */,
				111948BD1DF9942700D5D186 /* DiamondKataTest.xctest */,
			);
			name = Products;
			sourceTree = "<group>";
		};
		111948B11DF9940D00D5D186 /* DiamondKata */ = {
			isa = PBXGroup;
			children = (
				111948B21DF9940D00D5D186 /* main.swift */,
			);
			path = DiamondKata;
			sourceTree = "<group>";
		};
		111948BE1DF9942700D5D186 /* DiamondKataTest */ = {
			isa = PBXGroup;
			children = (
				111948C11DF9942700D5D186 /* Info.plist */,
			);
			path = DiamondKataTest;
			sourceTree = "<group>";
		};
		64829C4FD9FF94D67EAAEC45 /* Pods */ = {
			isa = PBXGroup;
			children = (
				F6E03E625FDA6C2155CDC605 /* Pods-DiamondKata.debug.xcconfig */,
				E067842DB214B5822E6F1D41 /* Pods-DiamondKata.release.xcconfig */,
				27BD27A301E7AE50D2075168 /* Pods-DiamondKataTest.debug.xcconfig */,
				2CD9213E29F09BCF5C1C16DF /* Pods-DiamondKataTest.release.xcconfig */,
			);
			name = Pods;
			sourceTree = "<group>";
		};
		D4E2A98166ADA091A4FF564C /* Frameworks */ = {
			isa = PBXGroup;
			children = (
				714DE83D6CB85D1EE3DE2C6D /* Pods_DiamondKata.framework */,
				0E4D3B7D2518C21D5935585B /* Pods_DiamondKataTest.framework */,
			);
			name = Frameworks;
			sourceTree = "<group>";
		};
/* End PBXGroup section */

/* Begin PBXNativeTarget section */
		111948AE1DF9940D00D5D186 /* DiamondKata */ = {
			isa = PBXNativeTarget;
			buildConfigurationList = 111948B61DF9940D00D5D186 /* Build configuration list for PBXNativeTarget "DiamondKata" */;
			buildPhases = (
				798F78C25D5F2F6B293A52A9 /* [CP] Check Pods Manifest.lock */,
				111948AB1DF9940D00D5D186 /* Sources */,
				111948AC1DF9940D00D5D186 /* Frameworks */,
				111948AD1DF9940D00D5D186 /* CopyFiles */,
				77D2CDAFCA57F0057BF6E322 /* [CP] Copy Pods Resources */,
			);
			buildRules = (
			);
			dependencies = (
			);
			name = DiamondKata;
			productName = DiamondKata;
			productReference = 111948AF1DF9940D00D5D186 /* DiamondKata */;
			productType = "com.apple.product-type.tool";
		};
		111948BC1DF9942700D5D186 /* DiamondKataTest */ = {
			isa = PBXNativeTarget;
			buildConfigurationList = 111948C21DF9942700D5D186 /* Build configuration list for PBXNativeTarget "DiamondKataTest" */;
			buildPhases = (
				BABF3801AEF1E29C22CDCECB /* [CP] Check Pods Manifest.lock */,
				111948B91DF9942700D5D186 /* Sources */,
				111948BA1DF9942700D5D186 /* Frameworks */,
				111948BB1DF9942700D5D186 /* Resources */,
				046E4881BE69576682CF902F /* [CP] Embed Pods Frameworks */,
				B9E7E016A8F4CA840BC1D75C /* [CP] Copy Pods Resources */,
			);
			buildRules = (
			);
			dependencies = (
			);
			name = DiamondKataTest;
			productName = DiamondKataTest;
			productReference = 111948BD1DF9942700D5D186 /* DiamondKataTest.xctest */;
			productType = "com.apple.product-type.bundle.unit-test";
		};
/* End PBXNativeTarget section */

/* Begin PBXProject section */
		111948A71DF9940D00D5D186 /* Project object */ = {
			isa = PBXProject;
			attributes = {
				LastSwiftUpdateCheck = 0810;
				LastUpgradeCheck = 0810;
				ORGANIZATIONNAME = "Tomás Ruiz-López";
				TargetAttributes = {
					111948AE1DF9940D00D5D186 = {
						CreatedOnToolsVersion = 8.1;
						DevelopmentTeam = 248ENVAN9C;
						ProvisioningStyle = Automatic;
					};
					111948BC1DF9942700D5D186 = {
						CreatedOnToolsVersion = 8.1;
						DevelopmentTeam = 248ENVAN9C;
						ProvisioningStyle = Automatic;
					};
				};
			};
			buildConfigurationList = 111948AA1DF9940D00D5D186 /* Build configuration list for PBXProject "DiamondKata" */;
			compatibilityVersion = "Xcode 3.2";
			developmentRegion = English;
			hasScannedForEncodings = 0;
			knownRegions = (
				en,
			);
			mainGroup = 111948A61DF9940D00D5D186;
			productRefGroup = 111948B01DF9940D00D5D186 /* Products */;
			projectDirPath = "";
			projectRoot = "";
			targets = (
				111948AE1DF9940D00D5D186 /* DiamondKata */,
				111948BC1DF9942700D5D186 /* DiamondKataTest */,
			);
		};
/* End PBXProject section */

/* Begin PBXResourcesBuildPhase section */
		111948BB1DF9942700D5D186 /* Resources */ = {
			isa = PBXResourcesBuildPhase;
			buildActionMask = 2147483647;
			files = (
			);
			runOnlyForDeploymentPostprocessing = 0;
		};
/* End PBXResourcesBuildPhase section */

/* Begin PBXShellScriptBuildPhase section */
		046E4881BE69576682CF902F /* [CP] Embed Pods Frameworks */ = {
			isa = PBXShellScriptBuildPhase;
			buildActionMask = 2147483647;
			files = (
			);
			inputPaths = (
			);
			name = "[CP] Embed Pods Frameworks";
			outputPaths = (
			);
			runOnlyForDeploymentPostprocessing = 0;
			shellPath = /bin/sh;
			shellScript = "\"${SRCROOT}/Pods/Target Support Files/Pods-DiamondKataTest/Pods-DiamondKataTest-frameworks.sh\"\n";
			showEnvVarsInLog = 0;
		};
		77D2CDAFCA57F0057BF6E322 /* [CP] Copy Pods Resources */ = {
			isa = PBXShellScriptBuildPhase;
			buildActionMask = 2147483647;
			files = (
			);
			inputPaths = (
			);
			name = "[CP] Copy Pods Resources";
			outputPaths = (
			);
			runOnlyForDeploymentPostprocessing = 0;
			shellPath = /bin/sh;
			shellScript = "\"${SRCROOT}/Pods/Target Support Files/Pods-DiamondKata/Pods-DiamondKata-resources.sh\"\n";
			showEnvVarsInLog = 0;
		};
		798F78C25D5F2F6B293A52A9 /* [CP] Check Pods Manifest.lock */ = {
			isa = PBXShellScriptBuildPhase;
			buildActionMask = 2147483647;
			files = (
			);
			inputPaths = (
			);
			name = "[CP] Check Pods Manifest.lock";
			outputPaths = (
			);
			runOnlyForDeploymentPostprocessing = 0;
			shellPath = /bin/sh;
			shellScript = "diff \"${PODS_ROOT}/../Podfile.lock\" \"${PODS_ROOT}/Manifest.lock\" > /dev/null\nif [ $? != 0 ] ; then\n    # print error to STDERR\n    echo \"error: The sandbox is not in sync with the Podfile.lock. Run 'pod install' or update your CocoaPods installation.\" >&2\n    exit 1\nfi\n";
			showEnvVarsInLog = 0;
		};
		B9E7E016A8F4CA840BC1D75C /* [CP] Copy Pods Resources */ = {
			isa = PBXShellScriptBuildPhase;
			buildActionMask = 2147483647;
			files = (
			);
			inputPaths = (
			);
			name = "[CP] Copy Pods Resources";
			outputPaths = (
			);
			runOnlyForDeploymentPostprocessing = 0;
			shellPath = /bin/sh;
			shellScript = "\"${SRCROOT}/Pods/Target Support Files/Pods-DiamondKataTest/Pods-DiamondKataTest-resources.sh\"\n";
			showEnvVarsInLog = 0;
		};
		BABF3801AEF1E29C22CDCECB /* [CP] Check Pods Manifest.lock */ = {
			isa = PBXShellScriptBuildPhase;
			buildActionMask = 2147483647;
			files = (
			);
			inputPaths = (
			);
			name = "[CP] Check Pods Manifest.lock";
			outputPaths = (
			);
			runOnlyForDeploymentPostprocessing = 0;
			shellPath = /bin/sh;
			shellScript = "diff \"${PODS_ROOT}/../Podfile.lock\" \"${PODS_ROOT}/Manifest.lock\" > /dev/null\nif [ $? != 0 ] ; then\n    # print error to STDERR\n    echo \"error: The sandbox is not in sync with the Podfile.lock. Run 'pod install' or update your CocoaPods installation.\" >&2\n    exit 1\nfi\n";
			showEnvVarsInLog = 0;
		};
/* End PBXShellScriptBuildPhase section */

/* Begin PBXSourcesBuildPhase section */
		111948AB1DF9940D00D5D186 /* Sources */ = {
			isa = PBXSourcesBuildPhase;
			buildActionMask = 2147483647;
			files = (
				111948B31DF9940D00D5D186 /* main.swift in Sources */,
			);
			runOnlyForDeploymentPostprocessing = 0;
		};
		111948B91DF9942700D5D186 /* Sources */ = {
			isa = PBXSourcesBuildPhase;
			buildActionMask = 2147483647;
			files = (
			);
			runOnlyForDeploymentPostprocessing = 0;
		};
/* End PBXSourcesBuildPhase section */

/* Begin XCBuildConfiguration section */
		111948B41DF9940D00D5D186 /* Debug */ = {
			isa = XCBuildConfiguration;
			buildSettings = {
				ALWAYS_SEARCH_USER_PATHS = NO;
				CLANG_ANALYZER_NONNULL = YES;
				CLANG_CXX_LANGUAGE_STANDARD = "gnu++0x";
				CLANG_CXX_LIBRARY = "libc++";
				CLANG_ENABLE_MODULES = YES;
				CLANG_ENABLE_OBJC_ARC = YES;
				CLANG_WARN_BOOL_CONVERSION = YES;
				CLANG_WARN_CONSTANT_CONVERSION = YES;
				CLANG_WARN_DIRECT_OBJC_ISA_USAGE = YES_ERROR;
				CLANG_WARN_DOCUMENTATION_COMMENTS = YES;
				CLANG_WARN_EMPTY_BODY = YES;
				CLANG_WARN_ENUM_CONVERSION = YES;
				CLANG_WARN_INFINITE_RECURSION = YES;
				CLANG_WARN_INT_CONVERSION = YES;
				CLANG_WARN_OBJC_ROOT_CLASS = YES_ERROR;
				CLANG_WARN_SUSPICIOUS_MOVES = YES;
				CLANG_WARN_UNREACHABLE_CODE = YES;
				CLANG_WARN__DUPLICATE_METHOD_MATCH = YES;
				CODE_SIGN_IDENTITY = "-";
				COPY_PHASE_STRIP = NO;
				DEBUG_INFORMATION_FORMAT = dwarf;
				ENABLE_STRICT_OBJC_MSGSEND = YES;
				ENABLE_TESTABILITY = YES;
				GCC_C_LANGUAGE_STANDARD = gnu99;
				GCC_DYNAMIC_NO_PIC = NO;
				GCC_NO_COMMON_BLOCKS = YES;
				GCC_OPTIMIZATION_LEVEL = 0;
				GCC_PREPROCESSOR_DEFINITIONS = (
					"DEBUG=1",
					"$(inherited)",
				);
				GCC_WARN_64_TO_32_BIT_CONVERSION = YES;
				GCC_WARN_ABOUT_RETURN_TYPE = YES_ERROR;
				GCC_WARN_UNDECLARED_SELECTOR = YES;
				GCC_WARN_UNINITIALIZED_AUTOS = YES_AGGRESSIVE;
				GCC_WARN_UNUSED_FUNCTION = YES;
				GCC_WARN_UNUSED_VARIABLE = YES;
				MACOSX_DEPLOYMENT_TARGET = 10.11;
				MTL_ENABLE_DEBUG_INFO = YES;
				ONLY_ACTIVE_ARCH = YES;
				SDKROOT = macosx;
				SWIFT_OPTIMIZATION_LEVEL = "-Onone";
			};
			name = Debug;
		};
		111948B51DF9940D00D5D186 /* Release */ = {
			isa = XCBuildConfiguration;
			buildSettings = {
				ALWAYS_SEARCH_USER_PATHS = NO;
				CLANG_ANALYZER_NONNULL = YES;
				CLANG_CXX_LANGUAGE_STANDARD = "gnu++0x";
				CLANG_CXX_LIBRARY = "libc++";
				CLANG_ENABLE_MODULES = YES;
				CLANG_ENABLE_OBJC_ARC = YES;
				CLANG_WARN_BOOL_CONVERSION = YES;
				CLANG_WARN_CONSTANT_CONVERSION = YES;
				CLANG_WARN_DIRECT_OBJC_ISA_USAGE = YES_ERROR;
				CLANG_WARN_DOCUMENTATION_COMMENTS = YES;
				CLANG_WARN_EMPTY_BODY = YES;
				CLANG_WARN_ENUM_CONVERSION = YES;
				CLANG_WARN_INFINITE_RECURSION = YES;
				CLANG_WARN_INT_CONVERSION = YES;
				CLANG_WARN_OBJC_ROOT_CLASS = YES_ERROR;
				CLANG_WARN_SUSPICIOUS_MOVES = YES;
				CLANG_WARN_UNREACHABLE_CODE = YES;
				CLANG_WARN__DUPLICATE_METHOD_MATCH = YES;
				CODE_SIGN_IDENTITY = "-";
				COPY_PHASE_STRIP = NO;
				DEBUG_INFORMATION_FORMAT = "dwarf-with-dsym";
				ENABLE_NS_ASSERTIONS = NO;
				ENABLE_STRICT_OBJC_MSGSEND = YES;
				GCC_C_LANGUAGE_STANDARD = gnu99;
				GCC_NO_COMMON_BLOCKS = YES;
				GCC_WARN_64_TO_32_BIT_CONVERSION = YES;
				GCC_WARN_ABOUT_RETURN_TYPE = YES_ERROR;
				GCC_WARN_UNDECLARED_SELECTOR = YES;
				GCC_WARN_UNINITIALIZED_AUTOS = YES_AGGRESSIVE;
				GCC_WARN_UNUSED_FUNCTION = YES;
				GCC_WARN_UNUSED_VARIABLE = YES;
				MACOSX_DEPLOYMENT_TARGET = 10.11;
				MTL_ENABLE_DEBUG_INFO = NO;
				SDKROOT = macosx;
			};
			name = Release;
		};
		111948B71DF9940D00D5D186 /* Debug */ = {
			isa = XCBuildConfiguration;
			baseConfigurationReference = F6E03E625FDA6C2155CDC605 /* Pods-DiamondKata.debug.xcconfig */;
			buildSettings = {
				DEVELOPMENT_TEAM = 248ENVAN9C;
				PRODUCT_NAME = "$(TARGET_NAME)";
				SWIFT_VERSION = 3.0;
			};
			name = Debug;
		};
		111948B81DF9940D00D5D186 /* Release */ = {
			isa = XCBuildConfiguration;
			baseConfigurationReference = E067842DB214B5822E6F1D41 /* Pods-DiamondKata.release.xcconfig */;
			buildSettings = {
				DEVELOPMENT_TEAM = 248ENVAN9C;
				PRODUCT_NAME = "$(TARGET_NAME)";
				SWIFT_VERSION = 3.0;
			};
			name = Release;
		};
		111948C31DF9942700D5D186 /* Debug */ = {
			isa = XCBuildConfiguration;
			baseConfigurationReference = 27BD27A301E7AE50D2075168 /* Pods-DiamondKataTest.debug.xcconfig */;
			buildSettings = {
				COMBINE_HIDPI_IMAGES = YES;
				DEVELOPMENT_TEAM = 248ENVAN9C;
				INFOPLIST_FILE = DiamondKataTest/Info.plist;
				LD_RUNPATH_SEARCH_PATHS = "$(inherited) @executable_path/../Frameworks @loader_path/../Frameworks";
				PRODUCT_BUNDLE_IDENTIFIER = com.truizlop.DiamondKataTest;
				PRODUCT_NAME = "$(TARGET_NAME)";
				SWIFT_ACTIVE_COMPILATION_CONDITIONS = DEBUG;
				SWIFT_VERSION = 3.0;
			};
			name = Debug;
		};
		111948C41DF9942700D5D186 /* Release */ = {
			isa = XCBuildConfiguration;
			baseConfigurationReference = 2CD9213E29F09BCF5C1C16DF /* Pods-DiamondKataTest.release.xcconfig */;
			buildSettings = {
				COMBINE_HIDPI_IMAGES = YES;
				DEVELOPMENT_TEAM = 248ENVAN9C;
				INFOPLIST_FILE = DiamondKataTest/Info.plist;
				LD_RUNPATH_SEARCH_PATHS = "$(inherited) @executable_path/../Frameworks @loader_path/../Frameworks";
				PRODUCT_BUNDLE_IDENTIFIER = com.truizlop.DiamondKataTest;
				PRODUCT_NAME = "$(TARGET_NAME)";
				SWIFT_OPTIMIZATION_LEVEL = "-Owholemodule";
				SWIFT_VERSION = 3.0;
			};
			name = Release;
		};
/* End XCBuildConfiguration section */

/* Begin XCConfigurationList section */
		111948AA1DF9940D00D5D186 /* Build configuration list for PBXProject "DiamondKata" */ = {
			isa = XCConfigurationList;
			buildConfigurations = (
				111948B41DF9940D00D5D186 /* Debug */,
				111948B51DF9940D00D5D186 /* Release */,
			);
			defaultConfigurationIsVisible = 0;
			defaultConfigurationName = Release;
		};
		111948B61DF9940D00D5D186 /* Build configuration list for PBXNativeTarget "DiamondKata" */ = {
			isa = XCConfigurationList;
			buildConfigurations = (
				111948B71DF9940D00D5D186 /* Debug */,
				111948B81DF9940D00D5D186 /* Release */,
			);
			defaultConfigurationIsVisible = 0;
			defaultConfigurationName = Release;
		};
		111948C21DF9942700D5D186 /* Build configuration list for PBXNativeTarget "DiamondKataTest" */ = {
			isa = XCConfigurationList;
			buildConfigurations = (
				111948C31DF9942700D5D186 /* Debug */,
				111948C41DF9942700D5D186 /* Release */,
			);
			defaultConfigurationIsVisible = 0;
			defaultConfigurationName = Release;
		};
/* End XCConfigurationList section */
	};
	rootObject = 111948A71DF9940D00D5D186 /* Project object */;
}
